<?xml version="1.0" encoding="utf-8"?>
<Project ToolsVersion="4.0" xmlns="http://schemas.microsoft.com/developer/msbuild/2003">
  <ItemGroup>
    <Filter Include="Source Files">
      <UniqueIdentifier>{4FC737F1-C7A5-4376-A066-2A32D752A2FF}</UniqueIdentifier>
      <Extensions>cpp;c;cc;cxx;def;odl;idl;hpj;bat;asm;asmx</Extensions>
    </Filter>
    <Filter Include="Header Files">
      <UniqueIdentifier>{93995380-89BD-4b04-88EB-625FBE52EBFB}</UniqueIdentifier>
      <Extensions>h;hh;hpp;hxx;hm;inl;inc;ipp;xsd</Extensions>
    </Filter>
    <Filter Include="Resource Files">
      <UniqueIdentifier>{67DA6AB6-F800-4c08-8B7A-83BB121AAD01}</UniqueIdentifier>
      <Extensions>rc;ico;cur;bmp;dlg;rc2;rct;bin;rgs;gif;jpg;jpeg;jpe;resx;tiff;tif;png;wav;mfcribbon-ms</Extensions>
    </Filter>
  </ItemGroup>
  <ItemGroup>
    <ClInclude Include="Main.h">
      <Filter>Header Files</Filter>
    </ClInclude>
    <ClInclude Include="AppmSolver.h">
      <Filter>Header Files</Filter>
    </ClInclude>
    <ClInclude Include="Mesh.h">
      <Filter>Header Files</Filter>
    </ClInclude>
    <ClInclude Include="PrimalMesh.h">
      <Filter>Header Files</Filter>
    </ClInclude>
    <ClInclude Include="DualMesh.h">
      <Filter>Header Files</Filter>
    </ClInclude>
    <ClInclude Include="GeometryItem.h">
      <Filter>Header Files</Filter>
    </ClInclude>
    <ClInclude Include="Vertex.h">
      <Filter>Header Files</Filter>
    </ClInclude>
    <ClInclude Include="Edge.h">
      <Filter>Header Files</Filter>
    </ClInclude>
    <ClInclude Include="EigenAuxiliaries.h">
      <Filter>Header Files</Filter>
    </ClInclude>
    <ClInclude Include="Face.h">
      <Filter>Header Files</Filter>
    </ClInclude>
    <ClInclude Include="XmlElement.h">
      <Filter>Header Files</Filter>
    </ClInclude>
    <ClInclude Include="Cell.h">
      <Filter>Header Files</Filter>
    </ClInclude>
    <ClInclude Include="TriPrism.h">
      <Filter>Header Files</Filter>
    </ClInclude>
    <ClInclude Include="H5Writer.h">
      <Filter>Header Files</Filter>
    </ClInclude>
    <ClInclude Include="H5Reader.h">
      <Filter>Header Files</Filter>
    </ClInclude>
    <ClInclude Include="XdmfRoot.h">
      <Filter>Header Files</Filter>
    </ClInclude>
    <ClInclude Include="XdmfDomain.h">
      <Filter>Header Files</Filter>
    </ClInclude>
    <ClInclude Include="XdmfGrid.h">
      <Filter>Header Files</Filter>
    </ClInclude>
    <ClInclude Include="XdmfTime.h">
      <Filter>Header Files</Filter>
    </ClInclude>
    <ClInclude Include="XdmfTopology.h">
      <Filter>Header Files</Filter>
    </ClInclude>
    <ClInclude Include="XdmfGeometry.h">
      <Filter>Header Files</Filter>
    </ClInclude>
    <ClInclude Include="XdmfDataItem.h">
      <Filter>Header Files</Filter>
    </ClInclude>
    <ClInclude Include="XdmfAttribute.h">
      <Filter>Header Files</Filter>
    </ClInclude>
    <ClInclude Include="Numerics.h">
      <Filter>Header Files</Filter>
    </ClInclude>
    <ClInclude Include="Physics.h">
      <Filter>Header Files</Filter>
    </ClInclude>
    <ClInclude Include="ScalingParameters.h">
      <Filter>Header Files</Filter>
    </ClInclude>
    <ClInclude Include="PhysicsConstants.h">
      <Filter>Header Files</Filter>
    </ClInclude>
  </ItemGroup>
  <ItemGroup>
    <ClCompile Include="Main.cpp">
      <Filter>Source Files</Filter>
    </ClCompile>
    <ClCompile Include="AppmSolver.cpp">
      <Filter>Source Files</Filter>
    </ClCompile>
    <ClCompile Include="Mesh.cpp">
      <Filter>Source Files</Filter>
    </ClCompile>
    <ClCompile Include="PrimalMesh.cpp">
      <Filter>Source Files</Filter>
    </ClCompile>
    <ClCompile Include="DualMesh.cpp">
      <Filter>Source Files</Filter>
    </ClCompile>
    <ClCompile Include="GeometryItem.cpp">
      <Filter>Source Files</Filter>
    </ClCompile>
    <ClCompile Include="Vertex.cpp">
      <Filter>Source Files</Filter>
    </ClCompile>
    <ClCompile Include="Edge.cpp">
      <Filter>Source Files</Filter>
    </ClCompile>
    <ClCompile Include="Face.cpp">
      <Filter>Source Files</Filter>
    </ClCompile>
    <ClCompile Include="XmlElement.cpp">
      <Filter>Source Files</Filter>
    </ClCompile>
    <ClCompile Include="Cell.cpp">
      <Filter>Source Files</Filter>
    </ClCompile>
    <ClCompile Include="TriPrism.cpp">
      <Filter>Source Files</Filter>
    </ClCompile>
    <ClCompile Include="H5Writer.cpp">
      <Filter>Source Files</Filter>
    </ClCompile>
    <ClCompile Include="H5Reader.cpp">
      <Filter>Source Files</Filter>
    </ClCompile>
    <ClCompile Include="XdmfRoot.cpp">
      <Filter>Source Files</Filter>
    </ClCompile>
    <ClCompile Include="XdmfDomain.cpp">
      <Filter>Source Files</Filter>
    </ClCompile>
    <ClCompile Include="XdmfGrid.cpp">
      <Filter>Source Files</Filter>
    </ClCompile>
    <ClCompile Include="XdmfTime.cpp">
      <Filter>Source Files</Filter>
    </ClCompile>
    <ClCompile Include="XdmfTopology.cpp">
      <Filter>Source Files</Filter>
    </ClCompile>
    <ClCompile Include="XdmfGeometry.cpp">
      <Filter>Source Files</Filter>
    </ClCompile>
    <ClCompile Include="XdmfDataItem.cpp">
      <Filter>Source Files</Filter>
    </ClCompile>
    <ClCompile Include="XdmfAttribute.cpp">
      <Filter>Source Files</Filter>
    </ClCompile>
    <ClCompile Include="Numerics.cpp">
      <Filter>Source Files</Filter>
    </ClCompile>
    <ClCompile Include="Physics.cpp">
      <Filter>Source Files</Filter>
    </ClCompile>
    <ClCompile Include="ScalingParameters.cpp">
      <Filter>Source Files</Filter>
    </ClCompile>
    <ClCompile Include="PhysicsConstants.cpp">
      <Filter>Source Files</Filter>
    </ClCompile>
  </ItemGroup>
  <ItemGroup>
    <Text Include="primalMeshParams.txt">
      <Filter>Resource Files</Filter>
    </Text>
    <Text Include="AppmSolverParams.txt">
      <Filter>Resource Files</Filter>
    </Text>
    <Text Include="particleParameters.txt">
      <Filter>Resource Files</Filter>
    </Text>
    <Text Include="scales.txt">
      <Filter>Resource Files</Filter>
    </Text>
    <Text Include="input.txt">
      <Filter>Resource Files</Filter>
    </Text>
    <Text Include="mesh-coarse.txt">
      <Filter>Resource Files</Filter>
    </Text>
  </ItemGroup>
</Project>